
Microsoft Visual Studio Solution File, Format Version 12.00
# Visual Studio Version 16
VisualStudioVersion = 16.0.32630.194
MinimumVisualStudioVersion = 10.0.40219.1
Project("{FAE04EC0-301F-11D3-BF4B-00C04F79EFBC}") = "LRMART", "LRMART\LRMART.csproj", "{BC97207C-4122-4812-8448-9A815F48460A}"
EndProject
Global
	GlobalSection(SolutionConfigurationPlatforms) = preSolution
		Debug|Any CPU = Debug|Any CPU
		Release|Any CPU = Release|Any CPU
	EndGlobalSection
	GlobalSection(ProjectConfigurationPlatforms) = postSolution
		{BC97207C-4122-4812-8448-9A815F48460A}.Debug|Any CPU.ActiveCfg = Debug|Any CPU
		{BC97207C-4122-4812-8448-9A815F48460A}.Debug|Any CPU.Build.0 = Debug|Any CPU
		{BC97207C-4122-4812-8448-9A815F48460A}.Release|Any CPU.ActiveCfg = Release|Any CPU
		{BC97207C-4122-4812-8448-9A815F48460A}.Release|Any CPU.Build.0 = Release|Any CPU
	EndGlobalSection
	GlobalSection(SolutionProperties) = preSolution
		HideSolutionNode = FALSE
	EndGlobalSection
	GlobalSection(ExtensibilityGlobals) = postSolution
		SolutionGuid = {B029664B-1FAE-4DF3-958D-B556E293EF6E}
	EndGlobalSection
EndGlobal
